// !$*UTF8*$!
{
	archiveVersion = 1;
	classes = {
	};
	objectVersion = 48;
	objects = {

/* Begin PBXBuildFile section */
		643F167E2162CAD100A71145 /* SegmentosController.swift in Sources */ = {isa = PBXBuildFile; fileRef = 643F167D2162CAD100A71145 /* SegmentosController.swift */; };
		64AD536D21641CAF00142997 /* NotificationManager.swift in Sources */ = {isa = PBXBuildFile; fileRef = 64AD536C21641CAF00142997 /* NotificationManager.swift */; };
		64AD5370216488D000142997 /* RadioPlayer.swift in Sources */ = {isa = PBXBuildFile; fileRef = 64AD536F216488D000142997 /* RadioPlayer.swift */; };
		64AD53732164913700142997 /* Constants.swift in Sources */ = {isa = PBXBuildFile; fileRef = 64AD53722164913700142997 /* Constants.swift */; };
		64AD5375216492FA00142997 /* RestAPIManager.swift in Sources */ = {isa = PBXBuildFile; fileRef = 64AD5374216492FA00142997 /* RestAPIManager.swift */; };
		64AD5377217C4A9900142997 /* Emisora.swift in Sources */ = {isa = PBXBuildFile; fileRef = 64AD5376217C4A9900142997 /* Emisora.swift */; };
		64AD5379217C5EE000142997 /* Segmento.swift in Sources */ = {isa = PBXBuildFile; fileRef = 64AD5378217C5EE000142997 /* Segmento.swift */; };
		64BF92842160404400D46843 /* stop_button.png in Resources */ = {isa = PBXBuildFile; fileRef = 64BF92792160404400D46843 /* stop_button.png */; };
		64BF92862160404400D46843 /* navigation_emisora.png in Resources */ = {isa = PBXBuildFile; fileRef = 64BF927B2160404400D46843 /* navigation_emisora.png */; };
		64BF92872160404400D46843 /* navigation_favoritos.png in Resources */ = {isa = PBXBuildFile; fileRef = 64BF927C2160404400D46843 /* navigation_favoritos.png */; };
		64BF92882160404400D46843 /* navigation_perfil.png in Resources */ = {isa = PBXBuildFile; fileRef = 64BF927D2160404400D46843 /* navigation_perfil.png */; };
		64BF92892160404400D46843 /* navigation_segmentos.png in Resources */ = {isa = PBXBuildFile; fileRef = 64BF927E2160404400D46843 /* navigation_segmentos.png */; };
		64BF928A2160404400D46843 /* vecina.jpeg in Resources */ = {isa = PBXBuildFile; fileRef = 64BF927F2160404400D46843 /* vecina.jpeg */; };
		64BF928B2160404400D46843 /* navigation_chat.png in Resources */ = {isa = PBXBuildFile; fileRef = 64BF92802160404400D46843 /* navigation_chat.png */; };
		64BF928C2160404400D46843 /* navigation_noticias.png in Resources */ = {isa = PBXBuildFile; fileRef = 64BF92812160404400D46843 /* navigation_noticias.png */; };
		64BF928D2160404500D46843 /* play_button.png in Resources */ = {isa = PBXBuildFile; fileRef = 64BF92822160404400D46843 /* play_button.png */; };
		64BF928E2160404500D46843 /* radio_icon_48.png in Resources */ = {isa = PBXBuildFile; fileRef = 64BF92832160404400D46843 /* radio_icon_48.png */; };
		BBA2FC6F215AF2B6004A8C03 /* AppDelegate.swift in Sources */ = {isa = PBXBuildFile; fileRef = BBA2FC6E215AF2B6004A8C03 /* AppDelegate.swift */; };
		BBA2FC74215AF2B6004A8C03 /* Main.storyboard in Resources */ = {isa = PBXBuildFile; fileRef = BBA2FC72215AF2B6004A8C03 /* Main.storyboard */; };
		BBA2FC76215AF2B6004A8C03 /* Assets.xcassets in Resources */ = {isa = PBXBuildFile; fileRef = BBA2FC75215AF2B6004A8C03 /* Assets.xcassets */; };
		BBA2FC79215AF2B6004A8C03 /* LaunchScreen.storyboard in Resources */ = {isa = PBXBuildFile; fileRef = BBA2FC77215AF2B6004A8C03 /* LaunchScreen.storyboard */; };
		BBA2FC84215AF2B6004A8C03 /* AppRadioTests.swift in Sources */ = {isa = PBXBuildFile; fileRef = BBA2FC83215AF2B6004A8C03 /* AppRadioTests.swift */; };
		BBA2FC8F215AF2B6004A8C03 /* AppRadioUITests.swift in Sources */ = {isa = PBXBuildFile; fileRef = BBA2FC8E215AF2B6004A8C03 /* AppRadioUITests.swift */; };
/* End PBXBuildFile section */

/* Begin PBXContainerItemProxy section */
		BBA2FC80215AF2B6004A8C03 /* PBXContainerItemProxy */ = {
			isa = PBXContainerItemProxy;
			containerPortal = BBA2FC63215AF2B6004A8C03 /* Project object */;
			proxyType = 1;
			remoteGlobalIDString = BBA2FC6A215AF2B6004A8C03;
			remoteInfo = AppRadio;
		};
		BBA2FC8B215AF2B6004A8C03 /* PBXContainerItemProxy */ = {
			isa = PBXContainerItemProxy;
			containerPortal = BBA2FC63215AF2B6004A8C03 /* Project object */;
			proxyType = 1;
			remoteGlobalIDString = BBA2FC6A215AF2B6004A8C03;
			remoteInfo = AppRadio;
		};
/* End PBXContainerItemProxy section */

/* Begin PBXFileReference section */
		643F167D2162CAD100A71145 /* SegmentosController.swift */ = {isa = PBXFileReference; lastKnownFileType = sourcecode.swift; path = SegmentosController.swift; sourceTree = "<group>"; };
		64AD536C21641CAF00142997 /* NotificationManager.swift */ = {isa = PBXFileReference; lastKnownFileType = sourcecode.swift; path = NotificationManager.swift; sourceTree = "<group>"; };
		64AD536F216488D000142997 /* RadioPlayer.swift */ = {isa = PBXFileReference; lastKnownFileType = sourcecode.swift; path = RadioPlayer.swift; sourceTree = "<group>"; };
		64AD53722164913700142997 /* Constants.swift */ = {isa = PBXFileReference; lastKnownFileType = sourcecode.swift; path = Constants.swift; sourceTree = "<group>"; };
		64AD5374216492FA00142997 /* RestAPIManager.swift */ = {isa = PBXFileReference; lastKnownFileType = sourcecode.swift; path = RestAPIManager.swift; sourceTree = "<group>"; };
		64AD5376217C4A9900142997 /* Emisora.swift */ = {isa = PBXFileReference; lastKnownFileType = sourcecode.swift; path = Emisora.swift; sourceTree = "<group>"; };
		64AD5378217C5EE000142997 /* Segmento.swift */ = {isa = PBXFileReference; lastKnownFileType = sourcecode.swift; path = Segmento.swift; sourceTree = "<group>"; };
		64BF92792160404400D46843 /* stop_button.png */ = {isa = PBXFileReference; lastKnownFileType = image.png; path = stop_button.png; sourceTree = "<group>"; };
		64BF927B2160404400D46843 /* navigation_emisora.png */ = {isa = PBXFileReference; lastKnownFileType = image.png; path = navigation_emisora.png; sourceTree = "<group>"; };
		64BF927C2160404400D46843 /* navigation_favoritos.png */ = {isa = PBXFileReference; lastKnownFileType = image.png; path = navigation_favoritos.png; sourceTree = "<group>"; };
		64BF927D2160404400D46843 /* navigation_perfil.png */ = {isa = PBXFileReference; lastKnownFileType = image.png; path = navigation_perfil.png; sourceTree = "<group>"; };
		64BF927E2160404400D46843 /* navigation_segmentos.png */ = {isa = PBXFileReference; lastKnownFileType = image.png; path = navigation_segmentos.png; sourceTree = "<group>"; };
		64BF927F2160404400D46843 /* vecina.jpeg */ = {isa = PBXFileReference; lastKnownFileType = image.jpeg; path = vecina.jpeg; sourceTree = "<group>"; };
		64BF92802160404400D46843 /* navigation_chat.png */ = {isa = PBXFileReference; lastKnownFileType = image.png; path = navigation_chat.png; sourceTree = "<group>"; };
		64BF92812160404400D46843 /* navigation_noticias.png */ = {isa = PBXFileReference; lastKnownFileType = image.png; path = navigation_noticias.png; sourceTree = "<group>"; };
		64BF92822160404400D46843 /* play_button.png */ = {isa = PBXFileReference; lastKnownFileType = image.png; path = play_button.png; sourceTree = "<group>"; };
		64BF92832160404400D46843 /* radio_icon_48.png */ = {isa = PBXFileReference; lastKnownFileType = image.png; path = radio_icon_48.png; sourceTree = "<group>"; };
		BBA2FC6B215AF2B6004A8C03 /* AppRadio.app */ = {isa = PBXFileReference; explicitFileType = wrapper.application; includeInIndex = 0; path = AppRadio.app; sourceTree = BUILT_PRODUCTS_DIR; };
		BBA2FC6E215AF2B6004A8C03 /* AppDelegate.swift */ = {isa = PBXFileReference; lastKnownFileType = sourcecode.swift; path = AppDelegate.swift; sourceTree = "<group>"; };
		BBA2FC73215AF2B6004A8C03 /* Base */ = {isa = PBXFileReference; lastKnownFileType = file.storyboard; name = Base; path = Base.lproj/Main.storyboard; sourceTree = "<group>"; };
		BBA2FC75215AF2B6004A8C03 /* Assets.xcassets */ = {isa = PBXFileReference; lastKnownFileType = folder.assetcatalog; path = Assets.xcassets; sourceTree = "<group>"; };
		BBA2FC78215AF2B6004A8C03 /* Base */ = {isa = PBXFileReference; lastKnownFileType = file.storyboard; name = Base; path = Base.lproj/LaunchScreen.storyboard; sourceTree = "<group>"; };
		BBA2FC7A215AF2B6004A8C03 /* Info.plist */ = {isa = PBXFileReference; lastKnownFileType = text.plist.xml; path = Info.plist; sourceTree = "<group>"; };
		BBA2FC7F215AF2B6004A8C03 /* AppRadioTests.xctest */ = {isa = PBXFileReference; explicitFileType = wrapper.cfbundle; includeInIndex = 0; path = AppRadioTests.xctest; sourceTree = BUILT_PRODUCTS_DIR; };
		BBA2FC83215AF2B6004A8C03 /* AppRadioTests.swift */ = {isa = PBXFileReference; lastKnownFileType = sourcecode.swift; path = AppRadioTests.swift; sourceTree = "<group>"; };
		BBA2FC85215AF2B6004A8C03 /* Info.plist */ = {isa = PBXFileReference; lastKnownFileType = text.plist.xml; path = Info.plist; sourceTree = "<group>"; };
		BBA2FC8A215AF2B6004A8C03 /* AppRadioUITests.xctest */ = {isa = PBXFileReference; explicitFileType = wrapper.cfbundle; includeInIndex = 0; path = AppRadioUITests.xctest; sourceTree = BUILT_PRODUCTS_DIR; };
		BBA2FC8E215AF2B6004A8C03 /* AppRadioUITests.swift */ = {isa = PBXFileReference; lastKnownFileType = sourcecode.swift; path = AppRadioUITests.swift; sourceTree = "<group>"; };
		BBA2FC90215AF2B6004A8C03 /* Info.plist */ = {isa = PBXFileReference; lastKnownFileType = text.plist.xml; path = Info.plist; sourceTree = "<group>"; };
/* End PBXFileReference section */

/* Begin PBXFrameworksBuildPhase section */
		BBA2FC68215AF2B6004A8C03 /* Frameworks */ = {
			isa = PBXFrameworksBuildPhase;
			buildActionMask = 2147483647;
			files = (
			);
			runOnlyForDeploymentPostprocessing = 0;
		};
		BBA2FC7C215AF2B6004A8C03 /* Frameworks */ = {
			isa = PBXFrameworksBuildPhase;
			buildActionMask = 2147483647;
			files = (
			);
			runOnlyForDeploymentPostprocessing = 0;
		};
		BBA2FC87215AF2B6004A8C03 /* Frameworks */ = {
			isa = PBXFrameworksBuildPhase;
			buildActionMask = 2147483647;
			files = (
			);
			runOnlyForDeploymentPostprocessing = 0;
		};
/* End PBXFrameworksBuildPhase section */

/* Begin PBXGroup section */
		643F167C2162CA4B00A71145 /* ViewControllers */ = {
			isa = PBXGroup;
			children = (
				643F167D2162CAD100A71145 /* SegmentosController.swift */,
			);
			path = ViewControllers;
			sourceTree = "<group>";
		};
		64AD536B21641C8500142997 /* Utils */ = {
			isa = PBXGroup;
			children = (
				64AD536C21641CAF00142997 /* NotificationManager.swift */,
			);
			path = Utils;
			sourceTree = "<group>";
		};
		64AD536E2164889100142997 /* Clases */ = {
			isa = PBXGroup;
			children = (
				64AD5371216490FE00142997 /* Models */,
				64AD536F216488D000142997 /* RadioPlayer.swift */,
				64AD53722164913700142997 /* Constants.swift */,
				64AD5374216492FA00142997 /* RestAPIManager.swift */,
			);
			path = Clases;
			sourceTree = "<group>";
		};
		64AD5371216490FE00142997 /* Models */ = {
			isa = PBXGroup;
			children = (
				64AD5376217C4A9900142997 /* Emisora.swift */,
				64AD5378217C5EE000142997 /* Segmento.swift */,
			);
			path = Models;
			sourceTree = "<group>";
		};
		64BF927721603EBC00D46843 /* Imagenes */ = {
			isa = PBXGroup;
			children = (
				64BF927821603ED200D46843 /* iconos */,
			);
			path = Imagenes;
			sourceTree = "<group>";
		};
		64BF927821603ED200D46843 /* iconos */ = {
			isa = PBXGroup;
			children = (
				64BF92802160404400D46843 /* navigation_chat.png */,
				64BF927B2160404400D46843 /* navigation_emisora.png */,
				64BF927C2160404400D46843 /* navigation_favoritos.png */,
				64BF92812160404400D46843 /* navigation_noticias.png */,
				64BF927D2160404400D46843 /* navigation_perfil.png */,
				64BF927E2160404400D46843 /* navigation_segmentos.png */,
				64BF92822160404400D46843 /* play_button.png */,
				64BF92832160404400D46843 /* radio_icon_48.png */,
				64BF92792160404400D46843 /* stop_button.png */,
				64BF927F2160404400D46843 /* vecina.jpeg */,
			);
			path = iconos;
			sourceTree = "<group>";
		};
		BBA2FC62215AF2B6004A8C03 = {
			isa = PBXGroup;
			children = (
				BBA2FC6D215AF2B6004A8C03 /* AppRadio */,
				BBA2FC82215AF2B6004A8C03 /* AppRadioTests */,
				BBA2FC8D215AF2B6004A8C03 /* AppRadioUITests */,
				BBA2FC6C215AF2B6004A8C03 /* Products */,
			);
			sourceTree = "<group>";
		};
		BBA2FC6C215AF2B6004A8C03 /* Products */ = {
			isa = PBXGroup;
			children = (
				BBA2FC6B215AF2B6004A8C03 /* AppRadio.app */,
				BBA2FC7F215AF2B6004A8C03 /* AppRadioTests.xctest */,
				BBA2FC8A215AF2B6004A8C03 /* AppRadioUITests.xctest */,
			);
			name = Products;
			sourceTree = "<group>";
		};
		BBA2FC6D215AF2B6004A8C03 /* AppRadio */ = {
			isa = PBXGroup;
			children = (
				64AD536E2164889100142997 /* Clases */,
				64AD536B21641C8500142997 /* Utils */,
				643F167C2162CA4B00A71145 /* ViewControllers */,
				64BF927721603EBC00D46843 /* Imagenes */,
				BBA2FC6E215AF2B6004A8C03 /* AppDelegate.swift */,
				BBA2FC72215AF2B6004A8C03 /* Main.storyboard */,
				BBA2FC75215AF2B6004A8C03 /* Assets.xcassets */,
				BBA2FC77215AF2B6004A8C03 /* LaunchScreen.storyboard */,
				BBA2FC7A215AF2B6004A8C03 /* Info.plist */,
			);
			path = AppRadio;
			sourceTree = "<group>";
		};
		BBA2FC82215AF2B6004A8C03 /* AppRadioTests */ = {
			isa = PBXGroup;
			children = (
				BBA2FC83215AF2B6004A8C03 /* AppRadioTests.swift */,
				BBA2FC85215AF2B6004A8C03 /* Info.plist */,
			);
			path = AppRadioTests;
			sourceTree = "<group>";
		};
		BBA2FC8D215AF2B6004A8C03 /* AppRadioUITests */ = {
			isa = PBXGroup;
			children = (
				BBA2FC8E215AF2B6004A8C03 /* AppRadioUITests.swift */,
				BBA2FC90215AF2B6004A8C03 /* Info.plist */,
			);
			path = AppRadioUITests;
			sourceTree = "<group>";
		};
/* End PBXGroup section */

/* Begin PBXNativeTarget section */
		BBA2FC6A215AF2B6004A8C03 /* AppRadio */ = {
			isa = PBXNativeTarget;
			buildConfigurationList = BBA2FC93215AF2B6004A8C03 /* Build configuration list for PBXNativeTarget "AppRadio" */;
			buildPhases = (
				BBA2FC67215AF2B6004A8C03 /* Sources */,
				BBA2FC68215AF2B6004A8C03 /* Frameworks */,
				BBA2FC69215AF2B6004A8C03 /* Resources */,
			);
			buildRules = (
			);
			dependencies = (
			);
			name = AppRadio;
			productName = AppRadio;
			productReference = BBA2FC6B215AF2B6004A8C03 /* AppRadio.app */;
			productType = "com.apple.product-type.application";
		};
		BBA2FC7E215AF2B6004A8C03 /* AppRadioTests */ = {
			isa = PBXNativeTarget;
			buildConfigurationList = BBA2FC96215AF2B6004A8C03 /* Build configuration list for PBXNativeTarget "AppRadioTests" */;
			buildPhases = (
				BBA2FC7B215AF2B6004A8C03 /* Sources */,
				BBA2FC7C215AF2B6004A8C03 /* Frameworks */,
				BBA2FC7D215AF2B6004A8C03 /* Resources */,
			);
			buildRules = (
			);
			dependencies = (
				BBA2FC81215AF2B6004A8C03 /* PBXTargetDependency */,
			);
			name = AppRadioTests;
			productName = AppRadioTests;
			productReference = BBA2FC7F215AF2B6004A8C03 /* AppRadioTests.xctest */;
			productType = "com.apple.product-type.bundle.unit-test";
		};
		BBA2FC89215AF2B6004A8C03 /* AppRadioUITests */ = {
			isa = PBXNativeTarget;
			buildConfigurationList = BBA2FC99215AF2B6004A8C03 /* Build configuration list for PBXNativeTarget "AppRadioUITests" */;
			buildPhases = (
				BBA2FC86215AF2B6004A8C03 /* Sources */,
				BBA2FC87215AF2B6004A8C03 /* Frameworks */,
				BBA2FC88215AF2B6004A8C03 /* Resources */,
			);
			buildRules = (
			);
			dependencies = (
				BBA2FC8C215AF2B6004A8C03 /* PBXTargetDependency */,
			);
			name = AppRadioUITests;
			productName = AppRadioUITests;
			productReference = BBA2FC8A215AF2B6004A8C03 /* AppRadioUITests.xctest */;
			productType = "com.apple.product-type.bundle.ui-testing";
		};
/* End PBXNativeTarget section */

/* Begin PBXProject section */
		BBA2FC63215AF2B6004A8C03 /* Project object */ = {
			isa = PBXProject;
			attributes = {
				LastSwiftUpdateCheck = 0920;
				LastUpgradeCheck = 0920;
				ORGANIZATIONNAME = InnovaSystem;
				TargetAttributes = {
					BBA2FC6A215AF2B6004A8C03 = {
						CreatedOnToolsVersion = 9.2;
						ProvisioningStyle = Automatic;
						SystemCapabilities = {
							com.apple.BackgroundModes = {
								enabled = 1;
							};
						};
					};
					BBA2FC7E215AF2B6004A8C03 = {
						CreatedOnToolsVersion = 9.2;
						ProvisioningStyle = Automatic;
						TestTargetID = BBA2FC6A215AF2B6004A8C03;
					};
					BBA2FC89215AF2B6004A8C03 = {
						CreatedOnToolsVersion = 9.2;
						ProvisioningStyle = Automatic;
						TestTargetID = BBA2FC6A215AF2B6004A8C03;
					};
				};
			};
			buildConfigurationList = BBA2FC66215AF2B6004A8C03 /* Build configuration list for PBXProject "AppRadio" */;
			compatibilityVersion = "Xcode 8.0";
			developmentRegion = en;
			hasScannedForEncodings = 0;
			knownRegions = (
				en,
				Base,
			);
			mainGroup = BBA2FC62215AF2B6004A8C03;
			productRefGroup = BBA2FC6C215AF2B6004A8C03 /* Products */;
			projectDirPath = "";
			projectRoot = "";
			targets = (
				BBA2FC6A215AF2B6004A8C03 /* AppRadio */,
				BBA2FC7E215AF2B6004A8C03 /* AppRadioTests */,
				BBA2FC89215AF2B6004A8C03 /* AppRadioUITests */,
			);
		};
/* End PBXProject section */

/* Begin PBXResourcesBuildPhase section */
		BBA2FC69215AF2B6004A8C03 /* Resources */ = {
			isa = PBXResourcesBuildPhase;
			buildActionMask = 2147483647;
			files = (
				64BF928D2160404500D46843 /* play_button.png in Resources */,
				BBA2FC79215AF2B6004A8C03 /* LaunchScreen.storyboard in Resources */,
				64BF92882160404400D46843 /* navigation_perfil.png in Resources */,
				BBA2FC76215AF2B6004A8C03 /* Assets.xcassets in Resources */,
				BBA2FC74215AF2B6004A8C03 /* Main.storyboard in Resources */,
				64BF92892160404400D46843 /* navigation_segmentos.png in Resources */,
				64BF92872160404400D46843 /* navigation_favoritos.png in Resources */,
				64BF928E2160404500D46843 /* radio_icon_48.png in Resources */,
				64BF92862160404400D46843 /* navigation_emisora.png in Resources */,
				64BF92842160404400D46843 /* stop_button.png in Resources */,
				64BF928A2160404400D46843 /* vecina.jpeg in Resources */,
				64BF928B2160404400D46843 /* navigation_chat.png in Resources */,
				64BF928C2160404400D46843 /* navigation_noticias.png in Resources */,
			);
			runOnlyForDeploymentPostprocessing = 0;
		};
		BBA2FC7D215AF2B6004A8C03 /* Resources */ = {
			isa = PBXResourcesBuildPhase;
			buildActionMask = 2147483647;
			files = (
			);
			runOnlyForDeploymentPostprocessing = 0;
		};
		BBA2FC88215AF2B6004A8C03 /* Resources */ = {
			isa = PBXResourcesBuildPhase;
			buildActionMask = 2147483647;
			files = (
			);
			runOnlyForDeploymentPostprocessing = 0;
		};
/* End PBXResourcesBuildPhase section */

/* Begin PBXSourcesBuildPhase section */
		BBA2FC67215AF2B6004A8C03 /* Sources */ = {
			isa = PBXSourcesBuildPhase;
			buildActionMask = 2147483647;
			files = (
				64AD5377217C4A9900142997 /* Emisora.swift in Sources */,
				64AD53732164913700142997 /* Constants.swift in Sources */,
				64AD5370216488D000142997 /* RadioPlayer.swift in Sources */,
				64AD5379217C5EE000142997 /* Segmento.swift in Sources */,
				64AD536D21641CAF00142997 /* NotificationManager.swift in Sources */,
				BBA2FC6F215AF2B6004A8C03 /* AppDelegate.swift in Sources */,
				64AD5375216492FA00142997 /* RestAPIManager.swift in Sources */,
				643F167E2162CAD100A71145 /* SegmentosController.swift in Sources */,
			);
			runOnlyForDeploymentPostprocessing = 0;
		};
		BBA2FC7B215AF2B6004A8C03 /* Sources */ = {
			isa = PBXSourcesBuildPhase;
			buildActionMask = 2147483647;
			files = (
				BBA2FC84215AF2B6004A8C03 /* AppRadioTests.swift in Sources */,
			);
			runOnlyForDeploymentPostprocessing = 0;
		};
		BBA2FC86215AF2B6004A8C03 /* Sources */ = {
			isa = PBXSourcesBuildPhase;
			buildActionMask = 2147483647;
			files = (
				BBA2FC8F215AF2B6004A8C03 /* AppRadioUITests.swift in Sources */,
			);
			runOnlyForDeploymentPostprocessing = 0;
		};
/* End PBXSourcesBuildPhase section */

/* Begin PBXTargetDependency section */
		BBA2FC81215AF2B6004A8C03 /* PBXTargetDependency */ = {
			isa = PBXTargetDependency;
			target = BBA2FC6A215AF2B6004A8C03 /* AppRadio */;
			targetProxy = BBA2FC80215AF2B6004A8C03 /* PBXContainerItemProxy */;
		};
		BBA2FC8C215AF2B6004A8C03 /* PBXTargetDependency */ = {
			isa = PBXTargetDependency;
			target = BBA2FC6A215AF2B6004A8C03 /* AppRadio */;
			targetProxy = BBA2FC8B215AF2B6004A8C03 /* PBXContainerItemProxy */;
		};
/* End PBXTargetDependency section */

/* Begin PBXVariantGroup section */
		BBA2FC72215AF2B6004A8C03 /* Main.storyboard */ = {
			isa = PBXVariantGroup;
			children = (
				BBA2FC73215AF2B6004A8C03 /* Base */,
			);
			name = Main.storyboard;
			sourceTree = "<group>";
		};
		BBA2FC77215AF2B6004A8C03 /* LaunchScreen.storyboard */ = {
			isa = PBXVariantGroup;
			children = (
				BBA2FC78215AF2B6004A8C03 /* Base */,
			);
			name = LaunchScreen.storyboard;
			sourceTree = "<group>";
		};
/* End PBXVariantGroup section */

/* Begin XCBuildConfiguration section */
		BBA2FC91215AF2B6004A8C03 /* Debug */ = {
			isa = XCBuildConfiguration;
			buildSettings = {
				ALWAYS_SEARCH_USER_PATHS = NO;
				CLANG_ANALYZER_NONNULL = YES;
				CLANG_ANALYZER_NUMBER_OBJECT_CONVERSION = YES_AGGRESSIVE;
				CLANG_CXX_LANGUAGE_STANDARD = "gnu++14";
				CLANG_CXX_LIBRARY = "libc++";
				CLANG_ENABLE_MODULES = YES;
				CLANG_ENABLE_OBJC_ARC = YES;
				CLANG_WARN_BLOCK_CAPTURE_AUTORELEASING = YES;
				CLANG_WARN_BOOL_CONVERSION = YES;
				CLANG_WARN_COMMA = YES;
				CLANG_WARN_CONSTANT_CONVERSION = YES;
				CLANG_WARN_DIRECT_OBJC_ISA_USAGE = YES_ERROR;
				CLANG_WARN_DOCUMENTATION_COMMENTS = YES;
				CLANG_WARN_EMPTY_BODY = YES;
				CLANG_WARN_ENUM_CONVERSION = YES;
				CLANG_WARN_INFINITE_RECURSION = YES;
				CLANG_WARN_INT_CONVERSION = YES;
				CLANG_WARN_NON_LITERAL_NULL_CONVERSION = YES;
				CLANG_WARN_OBJC_LITERAL_CONVERSION = YES;
				CLANG_WARN_OBJC_ROOT_CLASS = YES_ERROR;
				CLANG_WARN_RANGE_LOOP_ANALYSIS = YES;
				CLANG_WARN_STRICT_PROTOTYPES = YES;
				CLANG_WARN_SUSPICIOUS_MOVE = YES;
				CLANG_WARN_UNGUARDED_AVAILABILITY = YES_AGGRESSIVE;
				CLANG_WARN_UNREACHABLE_CODE = YES;
				CLANG_WARN__DUPLICATE_METHOD_MATCH = YES;
				CODE_SIGN_IDENTITY = "iPhone Developer";
				COPY_PHASE_STRIP = NO;
				DEBUG_INFORMATION_FORMAT = dwarf;
				ENABLE_STRICT_OBJC_MSGSEND = YES;
				ENABLE_TESTABILITY = YES;
				GCC_C_LANGUAGE_STANDARD = gnu11;
				GCC_DYNAMIC_NO_PIC = NO;
				GCC_NO_COMMON_BLOCKS = YES;
				GCC_OPTIMIZATION_LEVEL = 0;
				GCC_PREPROCESSOR_DEFINITIONS = (
					"DEBUG=1",
					"$(inherited)",
				);
				GCC_WARN_64_TO_32_BIT_CONVERSION = YES;
				GCC_WARN_ABOUT_RETURN_TYPE = YES_ERROR;
				GCC_WARN_UNDECLARED_SELECTOR = YES;
				GCC_WARN_UNINITIALIZED_AUTOS = YES_AGGRESSIVE;
				GCC_WARN_UNUSED_FUNCTION = YES;
				GCC_WARN_UNUSED_VARIABLE = YES;
				IPHONEOS_DEPLOYMENT_TARGET = 10.0;
				MTL_ENABLE_DEBUG_INFO = YES;
				ONLY_ACTIVE_ARCH = YES;
				SDKROOT = iphoneos;
				SWIFT_ACTIVE_COMPILATION_CONDITIONS = DEBUG;
				SWIFT_OPTIMIZATION_LEVEL = "-Onone";
			};
			name = Debug;
		};
		BBA2FC92215AF2B6004A8C03 /* Release */ = {
			isa = XCBuildConfiguration;
			buildSettings = {
				ALWAYS_SEARCH_USER_PATHS = NO;
				CLANG_ANALYZER_NONNULL = YES;
				CLANG_ANALYZER_NUMBER_OBJECT_CONVERSION = YES_AGGRESSIVE;
				CLANG_CXX_LANGUAGE_STANDARD = "gnu++14";
				CLANG_CXX_LIBRARY = "libc++";
				CLANG_ENABLE_MODULES = YES;
				CLANG_ENABLE_OBJC_ARC = YES;
				CLANG_WARN_BLOCK_CAPTURE_AUTORELEASING = YES;
				CLANG_WARN_BOOL_CONVERSION = YES;
				CLANG_WARN_COMMA = YES;
				CLANG_WARN_CONSTANT_CONVERSION = YES;
				CLANG_WARN_DIRECT_OBJC_ISA_USAGE = YES_ERROR;
				CLANG_WARN_DOCUMENTATION_COMMENTS = YES;
				CLANG_WARN_EMPTY_BODY = YES;
				CLANG_WARN_ENUM_CONVERSION = YES;
				CLANG_WARN_INFINITE_RECURSION = YES;
				CLANG_WARN_INT_CONVERSION = YES;
				CLANG_WARN_NON_LITERAL_NULL_CONVERSION = YES;
				CLANG_WARN_OBJC_LITERAL_CONVERSION = YES;
				CLANG_WARN_OBJC_ROOT_CLASS = YES_ERROR;
				CLANG_WARN_RANGE_LOOP_ANALYSIS = YES;
				CLANG_WARN_STRICT_PROTOTYPES = YES;
				CLANG_WARN_SUSPICIOUS_MOVE = YES;
				CLANG_WARN_UNGUARDED_AVAILABILITY = YES_AGGRESSIVE;
				CLANG_WARN_UNREACHABLE_CODE = YES;
				CLANG_WARN__DUPLICATE_METHOD_MATCH = YES;
				CODE_SIGN_IDENTITY = "iPhone Developer";
				COPY_PHASE_STRIP = NO;
				DEBUG_INFORMATION_FORMAT = "dwarf-with-dsym";
				ENABLE_NS_ASSERTIONS = NO;
				ENABLE_STRICT_OBJC_MSGSEND = YES;
				GCC_C_LANGUAGE_STANDARD = gnu11;
				GCC_NO_COMMON_BLOCKS = YES;
				GCC_WARN_64_TO_32_BIT_CONVERSION = YES;
				GCC_WARN_ABOUT_RETURN_TYPE = YES_ERROR;
				GCC_WARN_UNDECLARED_SELECTOR = YES;
				GCC_WARN_UNINITIALIZED_AUTOS = YES_AGGRESSIVE;
				GCC_WARN_UNUSED_FUNCTION = YES;
				GCC_WARN_UNUSED_VARIABLE = YES;
				IPHONEOS_DEPLOYMENT_TARGET = 10.0;
				MTL_ENABLE_DEBUG_INFO = NO;
				SDKROOT = iphoneos;
				SWIFT_OPTIMIZATION_LEVEL = "-Owholemodule";
				VALIDATE_PRODUCT = YES;
			};
			name = Release;
		};
		BBA2FC94215AF2B6004A8C03 /* Debug */ = {
			isa = XCBuildConfiguration;
			buildSettings = {
				ASSETCATALOG_COMPILER_APPICON_NAME = AppIcon;
				CODE_SIGN_STYLE = Automatic;
				INFOPLIST_FILE = AppRadio/Info.plist;
				IPHONEOS_DEPLOYMENT_TARGET = 10.0;
				LD_RUNPATH_SEARCH_PATHS = "$(inherited) @executable_path/Frameworks";
				PRODUCT_BUNDLE_IDENTIFIER = com.innovasystem.AppRadio;
				PRODUCT_NAME = "$(TARGET_NAME)";
				SWIFT_VERSION = 4.0;
				TARGETED_DEVICE_FAMILY = "1,2";
			};
			name = Debug;
		};
		BBA2FC95215AF2B6004A8C03 /* Release */ = {
			isa = XCBuildConfiguration;
			buildSettings = {
				ASSETCATALOG_COMPILER_APPICON_NAME = AppIcon;
				CODE_SIGN_STYLE = Automatic;
				INFOPLIST_FILE = AppRadio/Info.plist;
				IPHONEOS_DEPLOYMENT_TARGET = 10.0;
				LD_RUNPATH_SEARCH_PATHS = "$(inherited) @executable_path/Frameworks";
				PRODUCT_BUNDLE_IDENTIFIER = com.innovasystem.AppRadio;
				PRODUCT_NAME = "$(TARGET_NAME)";
				SWIFT_VERSION = 4.0;
				TARGETED_DEVICE_FAMILY = "1,2";
			};
			name = Release;
		};
		BBA2FC97215AF2B6004A8C03 /* Debug */ = {
			isa = XCBuildConfiguration;
			buildSettings = {
				ALWAYS_EMBED_SWIFT_STANDARD_LIBRARIES = YES;
				BUNDLE_LOADER = "$(TEST_HOST)";
				CODE_SIGN_STYLE = Automatic;
				INFOPLIST_FILE = AppRadioTests/Info.plist;
				LD_RUNPATH_SEARCH_PATHS = "$(inherited) @executable_path/Frameworks @loader_path/Frameworks";
				PRODUCT_BUNDLE_IDENTIFIER = com.innovasystem.AppRadioTests;
				PRODUCT_NAME = "$(TARGET_NAME)";
				SWIFT_VERSION = 4.0;
				TARGETED_DEVICE_FAMILY = "1,2";
				TEST_HOST = "$(BUILT_PRODUCTS_DIR)/AppRadio.app/AppRadio";
			};
			name = Debug;
		};
		BBA2FC98215AF2B6004A8C03 /* Release */ = {
			isa = XCBuildConfiguration;
			buildSettings = {
				ALWAYS_EMBED_SWIFT_STANDARD_LIBRARIES = YES;
				BUNDLE_LOADER = "$(TEST_HOST)";
				CODE_SIGN_STYLE = Automatic;
				INFOPLIST_FILE = AppRadioTests/Info.plist;
				LD_RUNPATH_SEARCH_PATHS = "$(inherited) @executable_path/Frameworks @loader_path/Frameworks";
				PRODUCT_BUNDLE_IDENTIFIER = com.innovasystem.AppRadioTests;
				PRODUCT_NAME = "$(TARGET_NAME)";
				SWIFT_VERSION = 4.0;
				TARGETED_DEVICE_FAMILY = "1,2";
				TEST_HOST = "$(BUILT_PRODUCTS_DIR)/AppRadio.app/AppRadio";
			};
			name = Release;
		};
		BBA2FC9A215AF2B6004A8C03 /* Debug */ = {
			isa = XCBuildConfiguration;
			buildSettings = {
				ALWAYS_EMBED_SWIFT_STANDARD_LIBRARIES = YES;
				CODE_SIGN_STYLE = Automatic;
				INFOPLIST_FILE = AppRadioUITests/Info.plist;
				LD_RUNPATH_SEARCH_PATHS = "$(inherited) @executable_path/Frameworks @loader_path/Frameworks";
				PRODUCT_BUNDLE_IDENTIFIER = com.innovasystem.AppRadioUITests;
				PRODUCT_NAME = "$(TARGET_NAME)";
				SWIFT_VERSION = 4.0;
				TARGETED_DEVICE_FAMILY = "1,2";
				TEST_TARGET_NAME = AppRadio;
			};
			name = Debug;
		};
		BBA2FC9B215AF2B6004A8C03 /* Release */ = {
			isa = XCBuildConfiguration;
			buildSettings = {
				ALWAYS_EMBED_SWIFT_STANDARD_LIBRARIES = YES;
				CODE_SIGN_STYLE = Automatic;
				INFOPLIST_FILE = AppRadioUITests/Info.plist;
				LD_RUNPATH_SEARCH_PATHS = "$(inherited) @executable_path/Frameworks @loader_path/Frameworks";
				PRODUCT_BUNDLE_IDENTIFIER = com.innovasystem.AppRadioUITests;
				PRODUCT_NAME = "$(TARGET_NAME)";
				SWIFT_VERSION = 4.0;
				TARGETED_DEVICE_FAMILY = "1,2";
				TEST_TARGET_NAME = AppRadio;
			};
			name = Release;
		};
/* End XCBuildConfiguration section */

/* Begin XCConfigurationList section */
		BBA2FC66215AF2B6004A8C03 /* Build configuration list for PBXProject "AppRadio" */ = {
			isa = XCConfigurationList;
			buildConfigurations = (
				BBA2FC91215AF2B6004A8C03 /* Debug */,
				BBA2FC92215AF2B6004A8C03 /* Release */,
			);
			defaultConfigurationIsVisible = 0;
			defaultConfigurationName = Release;
		};
		BBA2FC93215AF2B6004A8C03 /* Build configuration list for PBXNativeTarget "AppRadio" */ = {
			isa = XCConfigurationList;
			buildConfigurations = (
				BBA2FC94215AF2B6004A8C03 /* Debug */,
				BBA2FC95215AF2B6004A8C03 /* Release */,
			);
			defaultConfigurationIsVisible = 0;
			defaultConfigurationName = Release;
		};
		BBA2FC96215AF2B6004A8C03 /* Build configuration list for PBXNativeTarget "AppRadioTests" */ = {
			isa = XCConfigurationList;
			buildConfigurations = (
				BBA2FC97215AF2B6004A8C03 /* Debug */,
				BBA2FC98215AF2B6004A8C03 /* Release */,
			);
			defaultConfigurationIsVisible = 0;
			defaultConfigurationName = Release;
		};
		BBA2FC99215AF2B6004A8C03 /* Build configuration list for PBXNativeTarget "AppRadioUITests" */ = {
			isa = XCConfigurationList;
			buildConfigurations = (
				BBA2FC9A215AF2B6004A8C03 /* Debug */,
				BBA2FC9B215AF2B6004A8C03 /* Release */,
			);
			defaultConfigurationIsVisible = 0;
			defaultConfigurationName = Release;
		};
/* End XCConfigurationList section */
	};
	rootObject = BBA2FC63215AF2B6004A8C03 /* Project object */;
}
